// !$*UTF8*$!
{
	archiveVersion = 1;
	classes = {
	};
	objectVersion = 50;
	objects = {

/* Begin PBXBuildFile section */
		AF3074DC252652D000B76C0B /* AppDelegate.m in Sources */ = {isa = PBXBuildFile; fileRef = AF3074DB252652D000B76C0B /* AppDelegate.m */; };
		AF3074DF252652D000B76C0B /* ViewController.m in Sources */ = {isa = PBXBuildFile; fileRef = AF3074DE252652D000B76C0B /* ViewController.m */; };
		AF3074E1252652D500B76C0B /* Assets.xcassets in Resources */ = {isa = PBXBuildFile; fileRef = AF3074E0252652D500B76C0B /* Assets.xcassets */; };
		AF3074E4252652D500B76C0B /* Main.storyboard in Resources */ = {isa = PBXBuildFile; fileRef = AF3074E2252652D500B76C0B /* Main.storyboard */; };
		AF3074E7252652D500B76C0B /* main.m in Sources */ = {isa = PBXBuildFile; fileRef = AF3074E6252652D500B76C0B /* main.m */; };
		AF3074F0252B8D9E00B76C0B /* NSString+NSString_strip.m in Sources */ = {isa = PBXBuildFile; fileRef = AF3074EF252B8D9E00B76C0B /* NSString+NSString_strip.m */; };
/* End PBXBuildFile section */

/* Begin PBXFileReference section */
		AF3074D7252652D000B76C0B /* GDRGB.app */ = {isa = PBXFileReference; explicitFileType = wrapper.application; includeInIndex = 0; path = GDRGB.app; sourceTree = BUILT_PRODUCTS_DIR; };
		AF3074DA252652D000B76C0B /* AppDelegate.h */ = {isa = PBXFileReference; lastKnownFileType = sourcecode.c.h; path = AppDelegate.h; sourceTree = "<group>"; };
		AF3074DB252652D000B76C0B /* AppDelegate.m */ = {isa = PBXFileReference; lastKnownFileType = sourcecode.c.objc; path = AppDelegate.m; sourceTree = "<group>"; };
		AF3074DD252652D000B76C0B /* ViewController.h */ = {isa = PBXFileReference; lastKnownFileType = sourcecode.c.h; path = ViewController.h; sourceTree = "<group>"; };
		AF3074DE252652D000B76C0B /* ViewController.m */ = {isa = PBXFileReference; lastKnownFileType = sourcecode.c.objc; path = ViewController.m; sourceTree = "<group>"; };
		AF3074E0252652D500B76C0B /* Assets.xcassets */ = {isa = PBXFileReference; lastKnownFileType = folder.assetcatalog; path = Assets.xcassets; sourceTree = "<group>"; };
		AF3074E3252652D500B76C0B /* Base */ = {isa = PBXFileReference; lastKnownFileType = file.storyboard; name = Base; path = Base.lproj/Main.storyboard; sourceTree = "<group>"; };
		AF3074E5252652D500B76C0B /* Info.plist */ = {isa = PBXFileReference; lastKnownFileType = text.plist.xml; path = Info.plist; sourceTree = "<group>"; };
		AF3074E6252652D500B76C0B /* main.m */ = {isa = PBXFileReference; lastKnownFileType = sourcecode.c.objc; path = main.m; sourceTree = "<group>"; };
		AF3074E8252652D500B76C0B /* GDRGB.entitlements */ = {isa = PBXFileReference; lastKnownFileType = text.plist.entitlements; path = GDRGB.entitlements; sourceTree = "<group>"; };
		AF3074EE252B8D9E00B76C0B /* NSString+NSString_strip.h */ = {isa = PBXFileReference; lastKnownFileType = sourcecode.c.h; path = "NSString+NSString_strip.h"; sourceTree = "<group>"; };
		AF3074EF252B8D9E00B76C0B /* NSString+NSString_strip.m */ = {isa = PBXFileReference; lastKnownFileType = sourcecode.c.objc; path = "NSString+NSString_strip.m"; sourceTree = "<group>"; };
/* End PBXFileReference section */

/* Begin PBXFrameworksBuildPhase section */
		AF3074D4252652D000B76C0B /* Frameworks */ = {
			isa = PBXFrameworksBuildPhase;
			buildActionMask = 2147483647;
			files = (
			);
			runOnlyForDeploymentPostprocessing = 0;
		};
/* End PBXFrameworksBuildPhase section */

/* Begin PBXGroup section */
		AF3074CE252652D000B76C0B = {
			isa = PBXGroup;
			children = (
				AF3074D9252652D000B76C0B /* GDRGB */,
				AF3074D8252652D000B76C0B /* Products */,
			);
			sourceTree = "<group>";
		};
		AF3074D8252652D000B76C0B /* Products */ = {
			isa = PBXGroup;
			children = (
				AF3074D7252652D000B76C0B /* GDRGB.app */,
			);
			name = Products;
			sourceTree = "<group>";
		};
		AF3074D9252652D000B76C0B /* GDRGB */ = {
			isa = PBXGroup;
			children = (
				AF3074DA252652D000B76C0B /* AppDelegate.h */,
				AF3074DB252652D000B76C0B /* AppDelegate.m */,
				AF3074DD252652D000B76C0B /* ViewController.h */,
				AF3074DE252652D000B76C0B /* ViewController.m */,
				AF3074E0252652D500B76C0B /* Assets.xcassets */,
				AF3074E2252652D500B76C0B /* Main.storyboard */,
				AF3074E5252652D500B76C0B /* Info.plist */,
				AF3074E6252652D500B76C0B /* main.m */,
				AF3074E8252652D500B76C0B /* GDRGB.entitlements */,
				AF3074EE252B8D9E00B76C0B /* NSString+NSString_strip.h */,
				AF3074EF252B8D9E00B76C0B /* NSString+NSString_strip.m */,
			);
			path = GDRGB;
			sourceTree = "<group>";
		};
/* End PBXGroup section */

/* Begin PBXNativeTarget section */
		AF3074D6252652D000B76C0B /* GDRGB */ = {
			isa = PBXNativeTarget;
			buildConfigurationList = AF3074EB252652D500B76C0B /* Build configuration list for PBXNativeTarget "GDRGB" */;
			buildPhases = (
				AF3074D3252652D000B76C0B /* Sources */,
				AF3074D4252652D000B76C0B /* Frameworks */,
				AF3074D5252652D000B76C0B /* Resources */,
			);
			buildRules = (
			);
			dependencies = (
			);
			name = GDRGB;
			productName = GDRGB;
			productReference = AF3074D7252652D000B76C0B /* GDRGB.app */;
			productType = "com.apple.product-type.application";
		};
/* End PBXNativeTarget section */

/* Begin PBXProject section */
		AF3074CF252652D000B76C0B /* Project object */ = {
			isa = PBXProject;
			attributes = {
				LastUpgradeCheck = 1130;
				ORGANIZATIONNAME = camden314;
				TargetAttributes = {
					AF3074D6252652D000B76C0B = {
						CreatedOnToolsVersion = 11.3;
					};
				};
			};
			buildConfigurationList = AF3074D2252652D000B76C0B /* Build configuration list for PBXProject "GDRGB" */;
			compatibilityVersion = "Xcode 9.3";
			developmentRegion = en;
			hasScannedForEncodings = 0;
			knownRegions = (
				en,
				Base,
			);
			mainGroup = AF3074CE252652D000B76C0B;
			productRefGroup = AF3074D8252652D000B76C0B /* Products */;
			projectDirPath = "";
			projectRoot = "";
			targets = (
				AF3074D6252652D000B76C0B /* GDRGB */,
			);
		};
/* End PBXProject section */

/* Begin PBXResourcesBuildPhase section */
		AF3074D5252652D000B76C0B /* Resources */ = {
			isa = PBXResourcesBuildPhase;
			buildActionMask = 2147483647;
			files = (
				AF3074E1252652D500B76C0B /* Assets.xcassets in Resources */,
				AF3074E4252652D500B76C0B /* Main.storyboard in Resources */,
			);
			runOnlyForDeploymentPostprocessing = 0;
		};
/* End PBXResourcesBuildPhase section */

/* Begin PBXSourcesBuildPhase section */
		AF3074D3252652D000B76C0B /* Sources */ = {
			isa = PBXSourcesBuildPhase;
			buildActionMask = 2147483647;
			files = (
				AF3074F0252B8D9E00B76C0B /* NSString+NSString_strip.m in Sources */,
				AF3074DF252652D000B76C0B /* ViewController.m in Sources */,
				AF3074E7252652D500B76C0B /* main.m in Sources */,
				AF3074DC252652D000B76C0B /* AppDelegate.m in Sources */,
			);
			runOnlyForDeploymentPostprocessing = 0;
		};
/* End PBXSourcesBuildPhase section */

/* Begin PBXVariantGroup section */
		AF3074E2252652D500B76C0B /* Main.storyboard */ = {
			isa = PBXVariantGroup;
			children = (
				AF3074E3252652D500B76C0B /* Base */,
			);
			name = Main.storyboard;
			sourceTree = "<group>";
		};
/* End PBXVariantGroup section */

/* Begin XCBuildConfiguration section */
		AF3074E9252652D500B76C0B /* Debug */ = {
			isa = XCBuildConfiguration;
			buildSettings = {
				ALWAYS_SEARCH_USER_PATHS = NO;
				CLANG_ANALYZER_NONNULL = YES;
				CLANG_ANALYZER_NUMBER_OBJECT_CONVERSION = YES_AGGRESSIVE;
				CLANG_CXX_LANGUAGE_STANDARD = "gnu++14";
				CLANG_CXX_LIBRARY = "libc++";
				CLANG_ENABLE_MODULES = YES;
				CLANG_ENABLE_OBJC_ARC = YES;
				CLANG_ENABLE_OBJC_WEAK = YES;
				CLANG_WARN_BLOCK_CAPTURE_AUTORELEASING = YES;
				CLANG_WARN_BOOL_CONVERSION = YES;
				CLANG_WARN_COMMA = YES;
				CLANG_WARN_CONSTANT_CONVERSION = YES;
				CLANG_WARN_DEPRECATED_OBJC_IMPLEMENTATIONS = YES;
				CLANG_WARN_DIRECT_OBJC_ISA_USAGE = YES_ERROR;
				CLANG_WARN_DOCUMENTATION_COMMENTS = YES;
				CLANG_WARN_EMPTY_BODY = YES;
				CLANG_WARN_ENUM_CONVERSION = YES;
				CLANG_WARN_INFINITE_RECURSION = YES;
				CLANG_WARN_INT_CONVERSION = YES;
				CLANG_WARN_NON_LITERAL_NULL_CONVERSION = YES;
				CLANG_WARN_OBJC_IMPLICIT_RETAIN_SELF = YES;
				CLANG_WARN_OBJC_LITERAL_CONVERSION = YES;
				CLANG_WARN_OBJC_ROOT_CLASS = YES_ERROR;
				CLANG_WARN_RANGE_LOOP_ANALYSIS = YES;
				CLANG_WARN_STRICT_PROTOTYPES = YES;
				CLANG_WARN_SUSPICIOUS_MOVE = YES;
				CLANG_WARN_UNGUARDED_AVAILABILITY = YES_AGGRESSIVE;
				CLANG_WARN_UNREACHABLE_CODE = YES;
				CLANG_WARN__DUPLICATE_METHOD_MATCH = YES;
				COPY_PHASE_STRIP = NO;
				DEBUG_INFORMATION_FORMAT = dwarf;
				ENABLE_STRICT_OBJC_MSGSEND = YES;
				ENABLE_TESTABILITY = YES;
				GCC_C_LANGUAGE_STANDARD = gnu11;
				GCC_DYNAMIC_NO_PIC = NO;
				GCC_NO_COMMON_BLOCKS = YES;
				GCC_OPTIMIZATION_LEVEL = 0;
				GCC_PREPROCESSOR_DEFINITIONS = (
					"DEBUG=1",
					"$(inherited)",
				);
				GCC_WARN_64_TO_32_BIT_CONVERSION = YES;
				GCC_WARN_ABOUT_RETURN_TYPE = YES_ERROR;
				GCC_WARN_UNDECLARED_SELECTOR = YES;
				GCC_WARN_UNINITIALIZED_AUTOS = YES_AGGRESSIVE;
				GCC_WARN_UNUSED_FUNCTION = YES;
				GCC_WARN_UNUSED_VARIABLE = YES;
				MACOSX_DEPLOYMENT_TARGET = 10.11;
				MTL_ENABLE_DEBUG_INFO = INCLUDE_SOURCE;
				MTL_FAST_MATH = YES;
				ONLY_ACTIVE_ARCH = YES;
				SDKROOT = macosx;
			};
			name = Debug;
		};
		AF3074EA252652D500B76C0B /* Release */ = {
			isa = XCBuildConfiguration;
			buildSettings = {
				ALWAYS_SEARCH_USER_PATHS = NO;
				CLANG_ANALYZER_NONNULL = YES;
				CLANG_ANALYZER_NUMBER_OBJECT_CONVERSION = YES_AGGRESSIVE;
				CLANG_CXX_LANGUAGE_STANDARD = "gnu++14";
				CLANG_CXX_LIBRARY = "libc++";
				CLANG_ENABLE_MODULES = YES;
				CLANG_ENABLE_OBJC_ARC = YES;
				CLANG_ENABLE_OBJC_WEAK = YES;
				CLANG_WARN_BLOCK_CAPTURE_AUTORELEASING = YES;
				CLANG_WARN_BOOL_CONVERSION = YES;
				CLANG_WARN_COMMA = YES;
				CLANG_WARN_CONSTANT_CONVERSION = YES;
				CLANG_WARN_DEPRECATED_OBJC_IMPLEMENTATIONS = YES;
				CLANG_WARN_DIRECT_OBJC_ISA_USAGE = YES_ERROR;
				CLANG_WARN_DOCUMENTATION_COMMENTS = YES;
				CLANG_WARN_EMPTY_BODY = YES;
				CLANG_WARN_ENUM_CONVERSION = YES;
				CLANG_WARN_INFINITE_RECURSION = YES;
				CLANG_WARN_INT_CONVERSION = YES;
				CLANG_WARN_NON_LITERAL_NULL_CONVERSION = YES;
				CLANG_WARN_OBJC_IMPLICIT_RETAIN_SELF = YES;
				CLANG_WARN_OBJC_LITERAL_CONVERSION = YES;
				CLANG_WARN_OBJC_ROOT_CLASS = YES_ERROR;
				CLANG_WARN_RANGE_LOOP_ANALYSIS = YES;
				CLANG_WARN_STRICT_PROTOTYPES = YES;
				CLANG_WARN_SUSPICIOUS_MOVE = YES;
				CLANG_WARN_UNGUARDED_AVAILABILITY = YES_AGGRESSIVE;
				CLANG_WARN_UNREACHABLE_CODE = YES;
				CLANG_WARN__DUPLICATE_METHOD_MATCH = YES;
				COPY_PHASE_STRIP = NO;
				DEBUG_INFORMATION_FORMAT = "dwarf-with-dsym";
				ENABLE_NS_ASSERTIONS = NO;
				ENABLE_STRICT_OBJC_MSGSEND = YES;
				GCC_C_LANGUAGE_STANDARD = gnu11;
				GCC_NO_COMMON_BLOCKS = YES;
				GCC_WARN_64_TO_32_BIT_CONVERSION = YES;
				GCC_WARN_ABOUT_RETURN_TYPE = YES_ERROR;
				GCC_WARN_UNDECLARED_SELECTOR = YES;
				GCC_WARN_UNINITIALIZED_AUTOS = YES_AGGRESSIVE;
				GCC_WARN_UNUSED_FUNCTION = YES;
				GCC_WARN_UNUSED_VARIABLE = YES;
				MACOSX_DEPLOYMENT_TARGET = 10.11;
				MTL_ENABLE_DEBUG_INFO = NO;
				MTL_FAST_MATH = YES;
				SDKROOT = macosx;
			};
			name = Release;
		};
		AF3074EC252652D500B76C0B /* Debug */ = {
			isa = XCBuildConfiguration;
			buildSettings = {
				ASSETCATALOG_COMPILER_APPICON_NAME = AppIcon;
				CODE_SIGN_ENTITLEMENTS = GDRGB/GDRGB.entitlements;
				CODE_SIGN_STYLE = Automatic;
				COMBINE_HIDPI_IMAGES = YES;
				INFOPLIST_FILE = GDRGB/Info.plist;
				LD_RUNPATH_SEARCH_PATHS = (
					"$(inherited)",
					"@executable_path/../Frameworks",
				);
				PRODUCT_BUNDLE_IDENTIFIER = gd.camden314.GDRGB;
				PRODUCT_NAME = "$(TARGET_NAME)";
			};
			name = Debug;
		};
		AF3074ED252652D500B76C0B /* Release */ = {
			isa = XCBuildConfiguration;
			buildSettings = {
				ASSETCATALOG_COMPILER_APPICON_NAME = AppIcon;
				CODE_SIGN_ENTITLEMENTS = GDRGB/GDRGB.entitlements;
				CODE_SIGN_STYLE = Automatic;
				COMBINE_HIDPI_IMAGES = YES;
				INFOPLIST_FILE = GDRGB/Info.plist;
				LD_RUNPATH_SEARCH_PATHS = (
					"$(inherited)",
					"@executable_path/../Frameworks",
				);
				PRODUCT_BUNDLE_IDENTIFIER = gd.camden314.GDRGB;
				PRODUCT_NAME = "$(TARGET_NAME)";
			};
			name = Release;
		};
/* End XCBuildConfiguration section */

/* Begin XCConfigurationList section */
		AF3074D2252652D000B76C0B /* Build configuration list for PBXProject "GDRGB" */ = {
			isa = XCConfigurationList;
			buildConfigurations = (
				AF3074E9252652D500B76C0B /* Debug */,
				AF3074EA252652D500B76C0B /* Release */,
			);
			defaultConfigurationIsVisible = 0;
			defaultConfigurationName = Release;
		};
		AF3074EB252652D500B76C0B /* Build configuration list for PBXNativeTarget "GDRGB" */ = {
			isa = XCConfigurationList;
			buildConfigurations = (
				AF3074EC252652D500B76C0B /* Debug */,
				AF3074ED252652D500B76C0B /* Release */,
			);
			defaultConfigurationIsVisible = 0;
			defaultConfigurationName = Release;
		};
/* End XCConfigurationList section */
	};
	rootObject = AF3074CF252652D000B76C0B /* Project object */;
}
