// !$*UTF8*$!
{
	archiveVersion = 1;
	classes = {
	};
	objectVersion = 50;
	objects = {

/* Begin PBXBuildFile section */
		AF404482254617F000158C7A /* PyObjCTools in Resources */ = {isa = PBXBuildFile; fileRef = AF40447B254617D100158C7A /* PyObjCTools */; };
		AF404483254617F000158C7A /* PIL in Resources */ = {isa = PBXBuildFile; fileRef = AF40447C254617E600158C7A /* PIL */; };
		AF404484254617F000158C7A /* objc in Resources */ = {isa = PBXBuildFile; fileRef = AF40447D254617EB00158C7A /* objc */; };
		AF404485254617F000158C7A /* AppKit in Resources */ = {isa = PBXBuildFile; fileRef = AF40447E254617ED00158C7A /* AppKit */; };
		AF404486254617F000158C7A /* CoreFoundation in Resources */ = {isa = PBXBuildFile; fileRef = AF40447F254617EE00158C7A /* CoreFoundation */; };
		AF404487254617F000158C7A /* Foundation in Resources */ = {isa = PBXBuildFile; fileRef = AF404480254617EF00158C7A /* Foundation */; };
		AF404488254617F000158C7A /* Cocoa in Resources */ = {isa = PBXBuildFile; fileRef = AF404481254617F000158C7A /* Cocoa */; };
		AF71CBC825460AB40081DBC2 /* fuzzywuzzy in Resources */ = {isa = PBXBuildFile; fileRef = AF71CBC725460AB40081DBC2 /* fuzzywuzzy */; };
		AFE059262537E515004680C0 /* Cocoa.framework in Frameworks */ = {isa = PBXBuildFile; fileRef = AFE059252537E515004680C0 /* Cocoa.framework */; };
		AFE0592F2537E515004680C0 /* Credits.rtf in Resources */ = {isa = PBXBuildFile; fileRef = AFE0592D2537E515004680C0 /* Credits.rtf */; };
		AFE059322537E515004680C0 /* libpython2.7.dylib in Frameworks */ = {isa = PBXBuildFile; fileRef = AFE059312537E515004680C0 /* libpython2.7.dylib */; };
		AFE059342537E515004680C0 /* main.py in Resources */ = {isa = PBXBuildFile; fileRef = AFE059332537E515004680C0 /* main.py */; };
		AFE059362537E515004680C0 /* AppDelegate.py in Resources */ = {isa = PBXBuildFile; fileRef = AFE059352537E515004680C0 /* AppDelegate.py */; };
		AFE059392537E515004680C0 /* MainMenu.xib in Resources */ = {isa = PBXBuildFile; fileRef = AFE059372537E515004680C0 /* MainMenu.xib */; };
		AFE0593B2537E519004680C0 /* Assets.xcassets in Resources */ = {isa = PBXBuildFile; fileRef = AFE0593A2537E519004680C0 /* Assets.xcassets */; };
		AFE0593E2537E519004680C0 /* main.m in Sources */ = {isa = PBXBuildFile; fileRef = AFE0593D2537E519004680C0 /* main.m */; };
		AFE059452537E56B004680C0 /* ViewController.py in Resources */ = {isa = PBXBuildFile; fileRef = AFE059442537E56B004680C0 /* ViewController.py */; };
		AFE1D17A2541FF6D00A6EA95 /* TextureItem.py in Resources */ = {isa = PBXBuildFile; fileRef = AFE1D1792541FF6D00A6EA95 /* TextureItem.py */; };
		AFE1D17E2542033600A6EA95 /* TextureItem.xib in Resources */ = {isa = PBXBuildFile; fileRef = AFE1D17D2542033600A6EA95 /* TextureItem.xib */; };
		AFE1D1802543926600A6EA95 /* PusabFieldCell.py in Resources */ = {isa = PBXBuildFile; fileRef = AFE1D17F2543926600A6EA95 /* PusabFieldCell.py */; };
		AFE1D1822543C28900A6EA95 /* InvisibleTextField.py in Resources */ = {isa = PBXBuildFile; fileRef = AFE1D1812543C28900A6EA95 /* InvisibleTextField.py */; };
/* End PBXBuildFile section */

/* Begin PBXFileReference section */
		AF40447B254617D100158C7A /* PyObjCTools */ = {isa = PBXFileReference; lastKnownFileType = folder; path = PyObjCTools; sourceTree = "<group>"; };
		AF40447C254617E600158C7A /* PIL */ = {isa = PBXFileReference; lastKnownFileType = folder; path = PIL; sourceTree = "<group>"; };
		AF40447D254617EB00158C7A /* objc */ = {isa = PBXFileReference; lastKnownFileType = folder; path = objc; sourceTree = "<group>"; };
		AF40447E254617ED00158C7A /* AppKit */ = {isa = PBXFileReference; lastKnownFileType = folder; path = AppKit; sourceTree = "<group>"; };
		AF40447F254617EE00158C7A /* CoreFoundation */ = {isa = PBXFileReference; lastKnownFileType = folder; path = CoreFoundation; sourceTree = "<group>"; };
		AF404480254617EF00158C7A /* Foundation */ = {isa = PBXFileReference; lastKnownFileType = folder; path = Foundation; sourceTree = "<group>"; };
		AF404481254617F000158C7A /* Cocoa */ = {isa = PBXFileReference; lastKnownFileType = folder; path = Cocoa; sourceTree = "<group>"; };
		AF71CBC725460AB40081DBC2 /* fuzzywuzzy */ = {isa = PBXFileReference; lastKnownFileType = folder; path = fuzzywuzzy; sourceTree = "<group>"; };
		AFE059222537E515004680C0 /* TPEditor.app */ = {isa = PBXFileReference; explicitFileType = wrapper.application; includeInIndex = 0; path = TPEditor.app; sourceTree = BUILT_PRODUCTS_DIR; };
		AFE059252537E515004680C0 /* Cocoa.framework */ = {isa = PBXFileReference; lastKnownFileType = wrapper.framework; name = Cocoa.framework; path = System/Library/Frameworks/Cocoa.framework; sourceTree = SDKROOT; };
		AFE059282537E515004680C0 /* AppKit.framework */ = {isa = PBXFileReference; lastKnownFileType = wrapper.framework; name = AppKit.framework; path = System/Library/Frameworks/AppKit.framework; sourceTree = SDKROOT; };
		AFE059292537E515004680C0 /* CoreData.framework */ = {isa = PBXFileReference; lastKnownFileType = wrapper.framework; name = CoreData.framework; path = System/Library/Frameworks/CoreData.framework; sourceTree = SDKROOT; };
		AFE0592A2537E515004680C0 /* Foundation.framework */ = {isa = PBXFileReference; lastKnownFileType = wrapper.framework; name = Foundation.framework; path = System/Library/Frameworks/Foundation.framework; sourceTree = SDKROOT; };
		AFE0592E2537E515004680C0 /* en */ = {isa = PBXFileReference; lastKnownFileType = text.rtf; name = en; path = ../en.lproj/Credits.rtf; sourceTree = "<group>"; };
		AFE059312537E515004680C0 /* libpython2.7.dylib */ = {isa = PBXFileReference; lastKnownFileType = "compiled.mach-o.dylib"; name = libpython2.7.dylib; path = /System/Library/Frameworks/Python.framework/Versions/2.7/lib/python2.7/config/libpython2.7.dylib; sourceTree = "<absolute>"; };
		AFE059332537E515004680C0 /* main.py */ = {isa = PBXFileReference; lastKnownFileType = text.script.python; path = main.py; sourceTree = "<group>"; };
		AFE059352537E515004680C0 /* AppDelegate.py */ = {isa = PBXFileReference; lastKnownFileType = text.script.python; path = AppDelegate.py; sourceTree = "<group>"; };
		AFE059382537E515004680C0 /* en */ = {isa = PBXFileReference; lastKnownFileType = file.xib; name = en; path = en.lproj/MainMenu.xib; sourceTree = "<group>"; };
		AFE0593A2537E519004680C0 /* Assets.xcassets */ = {isa = PBXFileReference; lastKnownFileType = folder.assetcatalog; path = Assets.xcassets; sourceTree = "<group>"; };
		AFE0593C2537E519004680C0 /* Info.plist */ = {isa = PBXFileReference; lastKnownFileType = text.plist.xml; path = Info.plist; sourceTree = "<group>"; };
		AFE0593D2537E519004680C0 /* main.m */ = {isa = PBXFileReference; lastKnownFileType = sourcecode.c.objc; path = main.m; sourceTree = "<group>"; };
		AFE059442537E56B004680C0 /* ViewController.py */ = {isa = PBXFileReference; lastKnownFileType = text.script.python; path = ViewController.py; sourceTree = "<group>"; };
		AFE1D1792541FF6D00A6EA95 /* TextureItem.py */ = {isa = PBXFileReference; lastKnownFileType = text.script.python; path = TextureItem.py; sourceTree = "<group>"; };
		AFE1D17D2542033600A6EA95 /* TextureItem.xib */ = {isa = PBXFileReference; lastKnownFileType = file.xib; path = TextureItem.xib; sourceTree = "<group>"; };
		AFE1D17F2543926600A6EA95 /* PusabFieldCell.py */ = {isa = PBXFileReference; lastKnownFileType = text.script.python; path = PusabFieldCell.py; sourceTree = "<group>"; };
		AFE1D1812543C28900A6EA95 /* InvisibleTextField.py */ = {isa = PBXFileReference; lastKnownFileType = text.script.python; path = InvisibleTextField.py; sourceTree = "<group>"; };
/* End PBXFileReference section */

/* Begin PBXFrameworksBuildPhase section */
		AFE0591F2537E515004680C0 /* Frameworks */ = {
			isa = PBXFrameworksBuildPhase;
			buildActionMask = 2147483647;
			files = (
				AFE059322537E515004680C0 /* libpython2.7.dylib in Frameworks */,
				AFE059262537E515004680C0 /* Cocoa.framework in Frameworks */,
			);
			runOnlyForDeploymentPostprocessing = 0;
		};
/* End PBXFrameworksBuildPhase section */

/* Begin PBXGroup section */
		AFE059192537E515004680C0 = {
			isa = PBXGroup;
			children = (
				AFE0592B2537E515004680C0 /* TPEditor */,
				AFE059242537E515004680C0 /* Frameworks */,
				AFE059232537E515004680C0 /* Products */,
			);
			sourceTree = "<group>";
		};
		AFE059232537E515004680C0 /* Products */ = {
			isa = PBXGroup;
			children = (
				AFE059222537E515004680C0 /* TPEditor.app */,
			);
			name = Products;
			sourceTree = "<group>";
		};
		AFE059242537E515004680C0 /* Frameworks */ = {
			isa = PBXGroup;
			children = (
				AFE059252537E515004680C0 /* Cocoa.framework */,
				AFE059272537E515004680C0 /* Other Frameworks */,
			);
			name = Frameworks;
			sourceTree = "<group>";
		};
		AFE059272537E515004680C0 /* Other Frameworks */ = {
			isa = PBXGroup;
			children = (
				AFE059282537E515004680C0 /* AppKit.framework */,
				AFE059292537E515004680C0 /* CoreData.framework */,
				AFE0592A2537E515004680C0 /* Foundation.framework */,
			);
			name = "Other Frameworks";
			sourceTree = "<group>";
		};
		AFE0592B2537E515004680C0 /* TPEditor */ = {
			isa = PBXGroup;
			children = (
				AF40447E254617ED00158C7A /* AppKit */,
				AF404481254617F000158C7A /* Cocoa */,
				AF40447F254617EE00158C7A /* CoreFoundation */,
				AF404480254617EF00158C7A /* Foundation */,
				AF40447D254617EB00158C7A /* objc */,
				AF40447C254617E600158C7A /* PIL */,
				AF40447B254617D100158C7A /* PyObjCTools */,
				AF71CBC725460AB40081DBC2 /* fuzzywuzzy */,
				AFE059332537E515004680C0 /* main.py */,
				AFE059442537E56B004680C0 /* ViewController.py */,
				AFE059352537E515004680C0 /* AppDelegate.py */,
				AFE059372537E515004680C0 /* MainMenu.xib */,
				AFE0593A2537E519004680C0 /* Assets.xcassets */,
				AFE0593C2537E519004680C0 /* Info.plist */,
				AFE0593D2537E519004680C0 /* main.m */,
				AFE059302537E515004680C0 /* SharedLibraries */,
				AFE0592C2537E515004680C0 /* Supporting Files */,
				AFE1D1792541FF6D00A6EA95 /* TextureItem.py */,
				AFE1D17D2542033600A6EA95 /* TextureItem.xib */,
				AFE1D17F2543926600A6EA95 /* PusabFieldCell.py */,
				AFE1D1812543C28900A6EA95 /* InvisibleTextField.py */,
			);
			path = TPEditor;
			sourceTree = "<group>";
		};
		AFE0592C2537E515004680C0 /* Supporting Files */ = {
			isa = PBXGroup;
			children = (
				AFE0592D2537E515004680C0 /* Credits.rtf */,
			);
			path = "Supporting Files";
			sourceTree = "<group>";
		};
		AFE059302537E515004680C0 /* SharedLibraries */ = {
			isa = PBXGroup;
			children = (
				AFE059312537E515004680C0 /* libpython2.7.dylib */,
			);
			path = SharedLibraries;
			sourceTree = "<group>";
		};
/* End PBXGroup section */

/* Begin PBXNativeTarget section */
		AFE059212537E515004680C0 /* TPEditor */ = {
			isa = PBXNativeTarget;
			buildConfigurationList = AFE059412537E519004680C0 /* Build configuration list for PBXNativeTarget "TPEditor" */;
			buildPhases = (
				AFE0591E2537E515004680C0 /* Sources */,
				AFE0591F2537E515004680C0 /* Frameworks */,
				AFE059202537E515004680C0 /* Resources */,
			);
			buildRules = (
			);
			dependencies = (
			);
			name = TPEditor;
			productName = TPEditor;
			productReference = AFE059222537E515004680C0 /* TPEditor.app */;
			productType = "com.apple.product-type.application";
		};
/* End PBXNativeTarget section */

/* Begin PBXProject section */
		AFE0591A2537E515004680C0 /* Project object */ = {
			isa = PBXProject;
			attributes = {
				LastUpgradeCheck = 1130;
				ORGANIZATIONNAME = camden314;
				TargetAttributes = {
					AFE059212537E515004680C0 = {
						CreatedOnToolsVersion = 11.3;
					};
				};
			};
			buildConfigurationList = AFE0591D2537E515004680C0 /* Build configuration list for PBXProject "TPEditor" */;
			compatibilityVersion = "Xcode 9.3";
			developmentRegion = en;
			hasScannedForEncodings = 0;
			knownRegions = (
				en,
				Base,
			);
			mainGroup = AFE059192537E515004680C0;
			productRefGroup = AFE059232537E515004680C0 /* Products */;
			projectDirPath = "";
			projectRoot = "";
			targets = (
				AFE059212537E515004680C0 /* TPEditor */,
			);
		};
/* End PBXProject section */

/* Begin PBXResourcesBuildPhase section */
		AFE059202537E515004680C0 /* Resources */ = {
			isa = PBXResourcesBuildPhase;
			buildActionMask = 2147483647;
			files = (
				AF404485254617F000158C7A /* AppKit in Resources */,
				AFE1D17E2542033600A6EA95 /* TextureItem.xib in Resources */,
				AF71CBC825460AB40081DBC2 /* fuzzywuzzy in Resources */,
				AFE1D1802543926600A6EA95 /* PusabFieldCell.py in Resources */,
				AFE0592F2537E515004680C0 /* Credits.rtf in Resources */,
				AF404484254617F000158C7A /* objc in Resources */,
				AFE059362537E515004680C0 /* AppDelegate.py in Resources */,
				AF404483254617F000158C7A /* PIL in Resources */,
				AFE059342537E515004680C0 /* main.py in Resources */,
				AFE059392537E515004680C0 /* MainMenu.xib in Resources */,
				AF404482254617F000158C7A /* PyObjCTools in Resources */,
				AFE0593B2537E519004680C0 /* Assets.xcassets in Resources */,
				AF404488254617F000158C7A /* Cocoa in Resources */,
				AFE059452537E56B004680C0 /* ViewController.py in Resources */,
				AFE1D1822543C28900A6EA95 /* InvisibleTextField.py in Resources */,
				AF404486254617F000158C7A /* CoreFoundation in Resources */,
				AF404487254617F000158C7A /* Foundation in Resources */,
				AFE1D17A2541FF6D00A6EA95 /* TextureItem.py in Resources */,
			);
			runOnlyForDeploymentPostprocessing = 0;
		};
/* End PBXResourcesBuildPhase section */

/* Begin PBXSourcesBuildPhase section */
		AFE0591E2537E515004680C0 /* Sources */ = {
			isa = PBXSourcesBuildPhase;
			buildActionMask = 2147483647;
			files = (
				AFE0593E2537E519004680C0 /* main.m in Sources */,
			);
			runOnlyForDeploymentPostprocessing = 0;
		};
/* End PBXSourcesBuildPhase section */

/* Begin PBXVariantGroup section */
		AFE0592D2537E515004680C0 /* Credits.rtf */ = {
			isa = PBXVariantGroup;
			children = (
				AFE0592E2537E515004680C0 /* en */,
			);
			name = Credits.rtf;
			sourceTree = "<group>";
		};
		AFE059372537E515004680C0 /* MainMenu.xib */ = {
			isa = PBXVariantGroup;
			children = (
				AFE059382537E515004680C0 /* en */,
			);
			name = MainMenu.xib;
			sourceTree = "<group>";
		};
/* End PBXVariantGroup section */

/* Begin XCBuildConfiguration section */
		AFE0593F2537E519004680C0 /* Debug */ = {
			isa = XCBuildConfiguration;
			buildSettings = {
				ALWAYS_SEARCH_USER_PATHS = NO;
				CLANG_ANALYZER_NONNULL = YES;
				CLANG_ANALYZER_NUMBER_OBJECT_CONVERSION = YES_AGGRESSIVE;
				CLANG_CXX_LANGUAGE_STANDARD = "gnu++14";
				CLANG_CXX_LIBRARY = "libc++";
				CLANG_ENABLE_MODULES = YES;
				CLANG_ENABLE_OBJC_ARC = YES;
				CLANG_ENABLE_OBJC_WEAK = YES;
				CLANG_WARN_BLOCK_CAPTURE_AUTORELEASING = YES;
				CLANG_WARN_BOOL_CONVERSION = YES;
				CLANG_WARN_COMMA = YES;
				CLANG_WARN_CONSTANT_CONVERSION = YES;
				CLANG_WARN_DEPRECATED_OBJC_IMPLEMENTATIONS = YES;
				CLANG_WARN_DIRECT_OBJC_ISA_USAGE = YES_ERROR;
				CLANG_WARN_DOCUMENTATION_COMMENTS = YES;
				CLANG_WARN_EMPTY_BODY = YES;
				CLANG_WARN_ENUM_CONVERSION = YES;
				CLANG_WARN_INFINITE_RECURSION = YES;
				CLANG_WARN_INT_CONVERSION = YES;
				CLANG_WARN_NON_LITERAL_NULL_CONVERSION = YES;
				CLANG_WARN_OBJC_IMPLICIT_RETAIN_SELF = YES;
				CLANG_WARN_OBJC_LITERAL_CONVERSION = YES;
				CLANG_WARN_OBJC_ROOT_CLASS = YES_ERROR;
				CLANG_WARN_RANGE_LOOP_ANALYSIS = YES;
				CLANG_WARN_STRICT_PROTOTYPES = YES;
				CLANG_WARN_SUSPICIOUS_MOVE = YES;
				CLANG_WARN_UNGUARDED_AVAILABILITY = YES_AGGRESSIVE;
				CLANG_WARN_UNREACHABLE_CODE = YES;
				CLANG_WARN__DUPLICATE_METHOD_MATCH = YES;
				COPY_PHASE_STRIP = NO;
				DEBUG_INFORMATION_FORMAT = dwarf;
				ENABLE_STRICT_OBJC_MSGSEND = YES;
				ENABLE_TESTABILITY = YES;
				GCC_C_LANGUAGE_STANDARD = gnu11;
				GCC_DYNAMIC_NO_PIC = NO;
				GCC_NO_COMMON_BLOCKS = YES;
				GCC_OPTIMIZATION_LEVEL = 0;
				GCC_PREPROCESSOR_DEFINITIONS = (
					"DEBUG=1",
					"$(inherited)",
				);
				GCC_WARN_64_TO_32_BIT_CONVERSION = YES;
				GCC_WARN_ABOUT_RETURN_TYPE = YES_ERROR;
				GCC_WARN_UNDECLARED_SELECTOR = YES;
				GCC_WARN_UNINITIALIZED_AUTOS = YES_AGGRESSIVE;
				GCC_WARN_UNUSED_FUNCTION = YES;
				GCC_WARN_UNUSED_VARIABLE = YES;
				HEADER_SEARCH_PATHS = (
					"$(inherited)",
					/System/Library/Frameworks/Python.framework/Versions/2.7/include/python2.7,
				);
				LIBRARY_SEARCH_PATHS = (
					"$(inherited)",
					"$(SYSTEM_LIBRARY_DIR)/Frameworks/Python.framework/Versions/2.7/lib/python2.7/config",
				);
				MACOSX_DEPLOYMENT_TARGET = 10.10;
				MTL_ENABLE_DEBUG_INFO = INCLUDE_SOURCE;
				MTL_FAST_MATH = YES;
				ONLY_ACTIVE_ARCH = YES;
				SDKROOT = macosx;
			};
			name = Debug;
		};
		AFE059402537E519004680C0 /* Release */ = {
			isa = XCBuildConfiguration;
			buildSettings = {
				ALWAYS_SEARCH_USER_PATHS = NO;
				CLANG_ANALYZER_NONNULL = YES;
				CLANG_ANALYZER_NUMBER_OBJECT_CONVERSION = YES_AGGRESSIVE;
				CLANG_CXX_LANGUAGE_STANDARD = "gnu++14";
				CLANG_CXX_LIBRARY = "libc++";
				CLANG_ENABLE_MODULES = YES;
				CLANG_ENABLE_OBJC_ARC = YES;
				CLANG_ENABLE_OBJC_WEAK = YES;
				CLANG_WARN_BLOCK_CAPTURE_AUTORELEASING = YES;
				CLANG_WARN_BOOL_CONVERSION = YES;
				CLANG_WARN_COMMA = YES;
				CLANG_WARN_CONSTANT_CONVERSION = YES;
				CLANG_WARN_DEPRECATED_OBJC_IMPLEMENTATIONS = YES;
				CLANG_WARN_DIRECT_OBJC_ISA_USAGE = YES_ERROR;
				CLANG_WARN_DOCUMENTATION_COMMENTS = YES;
				CLANG_WARN_EMPTY_BODY = YES;
				CLANG_WARN_ENUM_CONVERSION = YES;
				CLANG_WARN_INFINITE_RECURSION = YES;
				CLANG_WARN_INT_CONVERSION = YES;
				CLANG_WARN_NON_LITERAL_NULL_CONVERSION = YES;
				CLANG_WARN_OBJC_IMPLICIT_RETAIN_SELF = YES;
				CLANG_WARN_OBJC_LITERAL_CONVERSION = YES;
				CLANG_WARN_OBJC_ROOT_CLASS = YES_ERROR;
				CLANG_WARN_RANGE_LOOP_ANALYSIS = YES;
				CLANG_WARN_STRICT_PROTOTYPES = YES;
				CLANG_WARN_SUSPICIOUS_MOVE = YES;
				CLANG_WARN_UNGUARDED_AVAILABILITY = YES_AGGRESSIVE;
				CLANG_WARN_UNREACHABLE_CODE = YES;
				CLANG_WARN__DUPLICATE_METHOD_MATCH = YES;
				COPY_PHASE_STRIP = NO;
				DEBUG_INFORMATION_FORMAT = "dwarf-with-dsym";
				ENABLE_NS_ASSERTIONS = NO;
				ENABLE_STRICT_OBJC_MSGSEND = YES;
				GCC_C_LANGUAGE_STANDARD = gnu11;
				GCC_NO_COMMON_BLOCKS = YES;
				GCC_WARN_64_TO_32_BIT_CONVERSION = YES;
				GCC_WARN_ABOUT_RETURN_TYPE = YES_ERROR;
				GCC_WARN_UNDECLARED_SELECTOR = YES;
				GCC_WARN_UNINITIALIZED_AUTOS = YES_AGGRESSIVE;
				GCC_WARN_UNUSED_FUNCTION = YES;
				GCC_WARN_UNUSED_VARIABLE = YES;
				HEADER_SEARCH_PATHS = (
					"$(inherited)",
					/System/Library/Frameworks/Python.framework/Versions/2.7/include/python2.7,
				);
				LIBRARY_SEARCH_PATHS = (
					"$(inherited)",
					"$(SYSTEM_LIBRARY_DIR)/Frameworks/Python.framework/Versions/2.7/lib/python2.7/config",
				);
				MACOSX_DEPLOYMENT_TARGET = 10.10;
				MTL_ENABLE_DEBUG_INFO = NO;
				MTL_FAST_MATH = YES;
				SDKROOT = macosx;
			};
			name = Release;
		};
		AFE059422537E519004680C0 /* Debug */ = {
			isa = XCBuildConfiguration;
			buildSettings = {
				ASSETCATALOG_COMPILER_APPICON_NAME = AppIcon;
				CODE_SIGN_IDENTITY = "";
				CODE_SIGN_STYLE = Automatic;
				COMBINE_HIDPI_IMAGES = YES;
				DEVELOPMENT_TEAM = "";
				INFOPLIST_FILE = TPEditor/Info.plist;
				LD_RUNPATH_SEARCH_PATHS = (
					"$(inherited)",
					"@executable_path/../Frameworks",
				);
				MACOSX_DEPLOYMENT_TARGET = 10.10;
				PRODUCT_BUNDLE_IDENTIFIER = com.camden314.TPEditor;
				PRODUCT_NAME = "$(TARGET_NAME)";
			};
			name = Debug;
		};
		AFE059432537E519004680C0 /* Release */ = {
			isa = XCBuildConfiguration;
			buildSettings = {
				ASSETCATALOG_COMPILER_APPICON_NAME = AppIcon;
				CODE_SIGN_IDENTITY = "";
				CODE_SIGN_STYLE = Automatic;
				COMBINE_HIDPI_IMAGES = YES;
				DEVELOPMENT_TEAM = "";
				INFOPLIST_FILE = TPEditor/Info.plist;
				LD_RUNPATH_SEARCH_PATHS = (
					"$(inherited)",
					"@executable_path/../Frameworks",
				);
				MACOSX_DEPLOYMENT_TARGET = 10.10;
				PRODUCT_BUNDLE_IDENTIFIER = com.camden314.TPEditor;
				PRODUCT_NAME = "$(TARGET_NAME)";
			};
			name = Release;
		};
/* End XCBuildConfiguration section */

/* Begin XCConfigurationList section */
		AFE0591D2537E515004680C0 /* Build configuration list for PBXProject "TPEditor" */ = {
			isa = XCConfigurationList;
			buildConfigurations = (
				AFE0593F2537E519004680C0 /* Debug */,
				AFE059402537E519004680C0 /* Release */,
			);
			defaultConfigurationIsVisible = 0;
			defaultConfigurationName = Release;
		};
		AFE059412537E519004680C0 /* Build configuration list for PBXNativeTarget "TPEditor" */ = {
			isa = XCConfigurationList;
			buildConfigurations = (
				AFE059422537E519004680C0 /* Debug */,
				AFE059432537E519004680C0 /* Release */,
			);
			defaultConfigurationIsVisible = 0;
			defaultConfigurationName = Release;
		};
/* End XCConfigurationList section */
	};
	rootObject = AFE0591A2537E515004680C0 /* Project object */;
}
